
Microsoft Visual Studio Solution File, Format Version 12.00
# Visual Studio 15
Project("{FAE04EC0-301F-11D3-BF4B-00C04F79EFBC}") = "FS_Xamarin_Financial_Application.Android", "FS_Xamarin_Financial_Application.Android\FS_Xamarin_Financial_Application.Android.csproj", "{BB4D5F97-E0F4-41D1-BDDB-E13EE41AE832}"
EndProject
Project("{FAE04EC0-301F-11D3-BF4B-00C04F79EFBC}") = "FS_Xamarin_Financial_Application", "FS_Xamarin_Financial_Application\FS_Xamarin_Financial_Application.csproj", "{22DC88F5-D84D-44AF-96B8-F3F6F6730693}"
EndProject
Global
	GlobalSection(SolutionConfigurationPlatforms) = preSolution
		Debug|Any CPU = Debug|Any CPU
		Release|Any CPU = Release|Any CPU
	EndGlobalSection
	GlobalSection(ProjectConfigurationPlatforms) = postSolution
		{BB4D5F97-E0F4-41D1-BDDB-E13EE41AE832}.Debug|Any CPU.ActiveCfg = Debug|Any CPU
		{BB4D5F97-E0F4-41D1-BDDB-E13EE41AE832}.Debug|Any CPU.Build.0 = Debug|Any CPU
		{BB4D5F97-E0F4-41D1-BDDB-E13EE41AE832}.Release|Any CPU.ActiveCfg = Release|Any CPU
		{BB4D5F97-E0F4-41D1-BDDB-E13EE41AE832}.Release|Any CPU.Build.0 = Release|Any CPU
		{22DC88F5-D84D-44AF-96B8-F3F6F6730693}.Debug|Any CPU.ActiveCfg = Debug|Any CPU
		{22DC88F5-D84D-44AF-96B8-F3F6F6730693}.Debug|Any CPU.Build.0 = Debug|Any CPU
		{22DC88F5-D84D-44AF-96B8-F3F6F6730693}.Release|Any CPU.ActiveCfg = Release|Any CPU
		{22DC88F5-D84D-44AF-96B8-F3F6F6730693}.Release|Any CPU.Build.0 = Release|Any CPU
	EndGlobalSection
EndGlobal
